schema_version: '1.0'
package:
  package_id: little-wheat-canonical-publication-package-v1
  work_id: work-little-wheat-v1
  status: MATERIALIZED_LOCKED_CODEX_READY
  step: STEP_5R3_PHYSICAL_CANONICAL_PACKAGE_MATERIALIZATION
  ordinary_rewrite_allowed: false
counts:
  zh_CN_units: 15
  en_US_units: 15
  textual_units_total: 30
  registries: 10
  lock_files: 1
  controlled_files_total: 41
  media_assets: 0
identity_invariant:
  canonical_name_en: John Earnest Zhang
  legacy_spelling_may_appear_only_as_historical_or_explanatory_text: true
  legacy_spelling_must_never_be_used_as_canonical_identity: true
runtime_initial_state:
  status: review
  published_at: null
  visibility: private
  access_level: public
  public_discovery: false
  search_indexing: false
  sitemap_inclusion: false
chapter_08:
  pastor_john_original_english: MISSING
  reverse_translation_as_original: PROHIBITED
  synthetic_original: PROHIBITED
  legacy_embedded_english_as_verified_original: PROHIBITED
media:
  v1_policy: NO_MEDIA
  assets_in_package: 0
hash_algorithm: SHA-256
files:
- path: en-US/00-dedication.md
  sha256: 5f4b78080e8f6354bb7c1cc8b2d3cb3bd4ef8ab15a4002a7759705e0eda7e053
  bytes: 1607
- path: en-US/01-prologue.md
  sha256: e6b259688474bea17089ee5b9fc0cddb9aefa9aa44398029036bf58e44bd9107
  bytes: 5719
- path: en-US/02-chapter-01.md
  sha256: 23e894e3e5f25b855cd9c0512b89474df34da77e807a8bd5b3ba9176dccd8c96
  bytes: 3334
- path: en-US/03-chapter-02.md
  sha256: 1aa55b2b235ce350fc3c2d427f3bd7c7657907f00160306d57efe7214e371bd4
  bytes: 2963
- path: en-US/04-chapter-03.md
  sha256: 832940ad8d1ef88ccd54e1a3262e7571aefe482fae22a945ce0f5ce396ed4bab
  bytes: 3241
- path: en-US/05-chapter-04.md
  sha256: 0e746b6f02c143c1dd04ad8353a5bc8d3fad2feea8fa24e4f7da53656c4063d1
  bytes: 3031
- path: en-US/06-chapter-05.md
  sha256: 3bc48868fe5b0c75be419d53471df92c05bddacc5fa4e09601dfe6b9a7f26594
  bytes: 4653
- path: en-US/07-chapter-06.md
  sha256: 4c939fe1ba59bbb0f7cea8097478e9968243b650105f6f81b8f693a5a8478726
  bytes: 8191
- path: en-US/08-chapter-07.md
  sha256: fcf52f730d0c01b2bf9fce89639a3b5743201eab08ade0d5fc64c26ab22a7b5a
  bytes: 9581
- path: en-US/09-chapter-08.md
  sha256: 36d88d6e891dd7ae1e0767ddbe38586576aa595b1c7b96c8c6cd34ca0314856f
  bytes: 4529
- path: en-US/10-chapter-09.md
  sha256: 71c2fdfeb2fcce5a0e7ab9776ae97826e040a1abe43b40d101631d9fadb54852
  bytes: 5143
- path: en-US/11-chapter-10.md
  sha256: 6e542fda36b2bc2a00e4d186fbb87521f6087893edb6f29e687dbac024575340
  bytes: 7362
- path: en-US/12-chapter-11.md
  sha256: 7084dfe47f41bc25819395fd26331d80db250a1336fb5f6816ca030ab7b8f563
  bytes: 6353
- path: en-US/13-chapter-12.md
  sha256: 4ffd23accc41e1232385e80bf1f6dc5545d2e5ad418e544c4185138c443b51c9
  bytes: 6845
- path: en-US/14-family-statement.md
  sha256: 5d54256689207d8aacc93544534f97c6f234fbf62d673d385326f6c0f2de50af
  bytes: 5558
- path: registries/canonical.yaml
  sha256: 1a790bac39164b06e26f70626b89a178f34f209d8c59119cd208af2d1509d868
  bytes: 1569
- path: registries/claims.yaml
  sha256: 068d1d19ec64d3e0c116c02df257a7f455009183bad4f4eba13cd9c040310337
  bytes: 2343
- path: registries/facts.yaml
  sha256: d4df7ce9bcf6b24dbb14bbc661c4cedd0dd6138e273ea32f97682e229a6d5bc1
  bytes: 2463
- path: registries/media-ledger.yaml
  sha256: a18d8e5a56b935ad602ae898938e9e83ed63f25899cd049f945ad6dd4bc437f1
  bytes: 2072
- path: registries/provenance.yaml
  sha256: 913d570d1ab891ca0f5dcf30e9d16a79af64ae8017920a35fb3378d494cc77bd
  bytes: 1627
- path: registries/publication.yaml
  sha256: 3c764b75e5468a63f72008b7b0a795a09d696a9b04e98e40266253c94ede5c21
  bytes: 2804
- path: registries/quotations.yaml
  sha256: 54910edc5050b8a9e4a8aa9e3bdeb695cc4c844ff3aa47f10857c25fff7faaff
  bytes: 1119
- path: registries/scripture.yaml
  sha256: f280387780504566e604c05e7e53309f04239deacabf79cc8dd0069efee96298
  bytes: 1580
- path: registries/structure.yaml
  sha256: a87e695331aa02a2c0c39dfaf55ace19fcd885b807e668a55c3ec6dad961653d
  bytes: 2960
- path: registries/translations.yaml
  sha256: abef096da40cc31751217621cd19cc111442832fdffb23f1d6865167805d8ce9
  bytes: 1919
- path: zh-CN/00-dedication.md
  sha256: 625516c2a570fbdf234f5f384bc750780715419a83a68ec97e211009a9030cd8
  bytes: 1439
- path: zh-CN/01-prologue.md
  sha256: dfe06d4589fa800769d6971a319bfac0fef1024e32310d9bde58bcbe62de811f
  bytes: 8846
- path: zh-CN/02-chapter-01.md
  sha256: 7a8d07d50e1f343b8d0c63292361a7b52cfd2a23700abdece3903ebdc599fe1c
  bytes: 2980
- path: zh-CN/03-chapter-02.md
  sha256: 2b428ecf67980a7dab42638ec7ea08901365e07717b2b982755f0ed26f4c8727
  bytes: 3644
- path: zh-CN/04-chapter-03.md
  sha256: c1daa557a4bcaf80ae28635d69abba4c8d958943b520a6a403bd571ac1b396aa
  bytes: 4139
- path: zh-CN/05-chapter-04.md
  sha256: f949b36ee5d96a169f03b30e9e0af76c3631ca7f0c0e32ead594fb3d281cfe74
  bytes: 3638
- path: zh-CN/06-chapter-05.md
  sha256: a03c5c61bd473e4f5baaf2b52b220556b8199a1fe535e83249b42dbbc7c22c9c
  bytes: 6001
- path: zh-CN/07-chapter-06.md
  sha256: eabb125d55965ffed5cfcf1f69950bb370e9943785c0666aecf90c77f5316ab7
  bytes: 7403
- path: zh-CN/08-chapter-07.md
  sha256: e0b845e31b356d405c35d78acca88fbf4d88ee2be25d30df98d0f2fa0c07bd08
  bytes: 10055
- path: zh-CN/09-chapter-08.md
  sha256: 915da4d3f38ee63ff0426028dd888a7737ec1bbfc312c3422cc2a65644666d28
  bytes: 6367
- path: zh-CN/10-chapter-09.md
  sha256: 4208da9f4cb8667873a4dbdbbebdee381aa4de910bee6f4af05b5b3391a49aea
  bytes: 5086
- path: zh-CN/11-chapter-10.md
  sha256: 6fc6f55fb7f22b9a99ebd35df5303f0a2eb6b9d9c29c476656b429c1ea42cf7b
  bytes: 7889
- path: zh-CN/12-chapter-11.md
  sha256: d67411f764e30541c671c4afc2cb35dc43a28707333748a7fe6b9f978abf9219
  bytes: 7771
- path: zh-CN/13-chapter-12.md
  sha256: 7acb3bc8b2e0db1d5fc9e8d6e2f8280677f8179df0062c2809d1912649024ee6
  bytes: 7295
- path: zh-CN/14-family-statement.md
  sha256: 93436782a82cddac5df79c1874265a4f9025024efd203f689e78d4f81b116540
  bytes: 5744
